
Microsoft Visual Studio Solution File, Format Version 12.00
# Visual Studio Version 17
VisualStudioVersion = 17.2.32422.2
MinimumVisualStudioVersion = 10.0.40219.1
Project("{FAE04EC0-301F-11D3-BF4B-00C04F79EFBC}") = "PyramidChartGettingStartedDesktop", "PyramidChartGettingStartedDesktop.csproj", "{E3B64A42-50FA-400F-A065-DB678A89963D}"
EndProject
Global
	GlobalSection(SolutionConfigurationPlatforms) = preSolution
		Debug|Any CPU = Debug|Any CPU
		Debug|arm64 = Debug|arm64
		Debug|x64 = Debug|x64
		Debug|x86 = Debug|x86
		Release|Any CPU = Release|Any CPU
		Release|arm64 = Release|arm64
		Release|x64 = Release|x64
		Release|x86 = Release|x86
		Release-Xml|Any CPU = Release-Xml|Any CPU
		Release-Xml|arm64 = Release-Xml|arm64
		Release-Xml|x64 = Release-Xml|x64
		Release-Xml|x86 = Release-Xml|x86
	EndGlobalSection
	GlobalSection(ProjectConfigurationPlatforms) = postSolution
		{E3B64A42-50FA-400F-A065-DB678A89963D}.Debug|Any CPU.ActiveCfg = Debug|x64
		{E3B64A42-50FA-400F-A065-DB678A89963D}.Debug|Any CPU.Build.0 = Debug|x64
		{E3B64A42-50FA-400F-A065-DB678A89963D}.Debug|Any CPU.Deploy.0 = Debug|x64
		{E3B64A42-50FA-400F-A065-DB678A89963D}.Debug|arm64.ActiveCfg = Debug|arm64
		{E3B64A42-50FA-400F-A065-DB678A89963D}.Debug|arm64.Build.0 = Debug|arm64
		{E3B64A42-50FA-400F-A065-DB678A89963D}.Debug|arm64.Deploy.0 = Debug|arm64
		{E3B64A42-50FA-400F-A065-DB678A89963D}.Debug|x64.ActiveCfg = Debug|x64
		{E3B64A42-50FA-400F-A065-DB678A89963D}.Debug|x64.Build.0 = Debug|x64
		{E3B64A42-50FA-400F-A065-DB678A89963D}.Debug|x64.Deploy.0 = Debug|x64
		{E3B64A42-50FA-400F-A065-DB678A89963D}.Debug|x86.ActiveCfg = Debug|x86
		{E3B64A42-50FA-400F-A065-DB678A89963D}.Debug|x86.Build.0 = Debug|x86
		{E3B64A42-50FA-400F-A065-DB678A89963D}.Debug|x86.Deploy.0 = Debug|x86
		{E3B64A42-50FA-400F-A065-DB678A89963D}.Release|Any CPU.ActiveCfg = Release|x64
		{E3B64A42-50FA-400F-A065-DB678A89963D}.Release|Any CPU.Build.0 = Release|x64
		{E3B64A42-50FA-400F-A065-DB678A89963D}.Release|Any CPU.Deploy.0 = Release|x64
		{E3B64A42-50FA-400F-A065-DB678A89963D}.Release|arm64.ActiveCfg = Release|arm64
		{E3B64A42-50FA-400F-A065-DB678A89963D}.Release|arm64.Build.0 = Release|arm64
		{E3B64A42-50FA-400F-A065-DB678A89963D}.Release|arm64.Deploy.0 = Release|arm64
		{E3B64A42-50FA-400F-A065-DB678A89963D}.Release|x64.ActiveCfg = Release|x64
		{E3B64A42-50FA-400F-A065-DB678A89963D}.Release|x64.Build.0 = Release|x64
		{E3B64A42-50FA-400F-A065-DB678A89963D}.Release|x64.Deploy.0 = Release|x64
		{E3B64A42-50FA-400F-A065-DB678A89963D}.Release|x86.ActiveCfg = Release|x86
		{E3B64A42-50FA-400F-A065-DB678A89963D}.Release|x86.Build.0 = Release|x86
		{E3B64A42-50FA-400F-A065-DB678A89963D}.Release|x86.Deploy.0 = Release|x86
		{E3B64A42-50FA-400F-A065-DB678A89963D}.Release-Xml|Any CPU.ActiveCfg = Release|x64
		{E3B64A42-50FA-400F-A065-DB678A89963D}.Release-Xml|Any CPU.Build.0 = Release|x64
		{E3B64A42-50FA-400F-A065-DB678A89963D}.Release-Xml|Any CPU.Deploy.0 = Release|x64
		{E3B64A42-50FA-400F-A065-DB678A89963D}.Release-Xml|arm64.ActiveCfg = Release|arm64
		{E3B64A42-50FA-400F-A065-DB678A89963D}.Release-Xml|arm64.Build.0 = Release|arm64
		{E3B64A42-50FA-400F-A065-DB678A89963D}.Release-Xml|arm64.Deploy.0 = Release|arm64
		{E3B64A42-50FA-400F-A065-DB678A89963D}.Release-Xml|x64.ActiveCfg = Release|x64
		{E3B64A42-50FA-400F-A065-DB678A89963D}.Release-Xml|x64.Build.0 = Release|x64
		{E3B64A42-50FA-400F-A065-DB678A89963D}.Release-Xml|x64.Deploy.0 = Release|x64
		{E3B64A42-50FA-400F-A065-DB678A89963D}.Release-Xml|x86.ActiveCfg = Release|x86
		{E3B64A42-50FA-400F-A065-DB678A89963D}.Release-Xml|x86.Build.0 = Release|x86
		{E3B64A42-50FA-400F-A065-DB678A89963D}.Release-Xml|x86.Deploy.0 = Release|x86
	EndGlobalSection
	GlobalSection(SolutionProperties) = preSolution
		HideSolutionNode = FALSE
	EndGlobalSection
	GlobalSection(ExtensibilityGlobals) = postSolution
		SolutionGuid = {38268905-CAD4-4C91-9524-7C4E9E3132BA}
	EndGlobalSection
EndGlobal
